<?xml version="1.0" encoding="utf-8"?>
<Project ToolsVersion="4.0" xmlns="http://schemas.microsoft.com/developer/msbuild/2003">
  <ItemGroup>
    <Filter Include="源文件">
      <UniqueIdentifier>{4FC737F1-C7A5-4376-A066-2A32D752A2FF}</UniqueIdentifier>
      <Extensions>cpp;c;cc;cxx;c++;cppm;ixx;def;odl;idl;hpj;bat;asm;asmx</Extensions>
    </Filter>
    <Filter Include="头文件">
      <UniqueIdentifier>{93995380-89BD-4b04-88EB-625FBE52EBFB}</UniqueIdentifier>
      <Extensions>h;hh;hpp;hxx;h++;hm;inl;inc;ipp;xsd</Extensions>
    </Filter>
    <Filter Include="资源文件">
      <UniqueIdentifier>{67DA6AB6-F800-4c08-8B7A-83BB121AAD01}</UniqueIdentifier>
      <Extensions>rc;ico;cur;bmp;dlg;rc2;rct;bin;rgs;gif;jpg;jpeg;jpe;resx;tiff;tif;png;wav;mfcribbon-ms</Extensions>
    </Filter>
    <Filter Include="parser">
      <UniqueIdentifier>{76b2c211-e425-42dd-8912-cbda12710fcd}</UniqueIdentifier>
    </Filter>
    <Filter Include="message">
      <UniqueIdentifier>{4bdee5b2-4467-4b36-8542-5cfe3c60f5cc}</UniqueIdentifier>
    </Filter>
  </ItemGroup>
  <ItemGroup>
    <ClCompile Include="src\LPG-language-server.cpp">
      <Filter>源文件</Filter>
    </ClCompile>
    <ClCompile Include="src\parser\LPGParser.cpp">
      <Filter>parser</Filter>
    </ClCompile>
    <ClCompile Include="src\timer.cpp">
      <Filter>源文件</Filter>
    </ClCompile>
    <ClCompile Include="src\WorkSpaceManager.cpp">
      <Filter>源文件</Filter>
    </ClCompile>
    <ClCompile Include="src\CompilationUnit.cpp">
      <Filter>源文件</Filter>
    </ClCompile>
    <ClCompile Include="src\message\DocumentSymbolHandler.cpp">
      <Filter>message</Filter>
    </ClCompile>
    <ClCompile Include="src\parser\LPGParser_top_level_ast.cpp">
      <Filter>parser</Filter>
    </ClCompile>
    <ClCompile Include="src\ASTUtils.cpp">
      <Filter>源文件</Filter>
    </ClCompile>
    <ClCompile Include="src\message\HoverHandler.cpp">
      <Filter>message</Filter>
    </ClCompile>
    <ClCompile Include="src\message\CompletionHandler.cpp">
      <Filter>message</Filter>
    </ClCompile>
    <ClCompile Include="src\message\FoldingRangeHandler.cpp">
      <Filter>message</Filter>
    </ClCompile>
    <ClCompile Include="src\message\DocumentFormatHandler.cpp">
      <Filter>message</Filter>
    </ClCompile>
    <ClCompile Include="src\message\DocumentColorHandler.cpp">
      <Filter>message</Filter>
    </ClCompile>
    <ClCompile Include="src\message\NavigateToDefinitionHandler.cpp">
      <Filter>message</Filter>
    </ClCompile>
    <ClCompile Include="src\message\ReferencesHandler.cpp">
      <Filter>message</Filter>
    </ClCompile>
    <ClCompile Include="src\code.cpp">
      <Filter>源文件</Filter>
    </ClCompile>
    <ClCompile Include="src\message\SemanticTokensHandler.cpp">
      <Filter>message</Filter>
    </ClCompile>
  </ItemGroup>
  <ItemGroup>
    <ClInclude Include="src\parser\LPGKWLexer.h">
      <Filter>parser</Filter>
    </ClInclude>
    <ClInclude Include="src\parser\LPGKWLexerprs.h">
      <Filter>parser</Filter>
    </ClInclude>
    <ClInclude Include="src\parser\LPGKWLexersym.h">
      <Filter>parser</Filter>
    </ClInclude>
    <ClInclude Include="src\parser\LPGLexer.h">
      <Filter>parser</Filter>
    </ClInclude>
    <ClInclude Include="src\parser\LPGLexerprs.h">
      <Filter>parser</Filter>
    </ClInclude>
    <ClInclude Include="src\parser\LPGLexersym.h">
      <Filter>parser</Filter>
    </ClInclude>
    <ClInclude Include="src\parser\LPGParser.h">
      <Filter>parser</Filter>
    </ClInclude>
    <ClInclude Include="src\parser\LPGParserprs.h">
      <Filter>parser</Filter>
    </ClInclude>
    <ClInclude Include="src\parser\LPGParsersym.h">
      <Filter>parser</Filter>
    </ClInclude>
    <ClInclude Include="src\timer.h">
      <Filter>头文件</Filter>
    </ClInclude>
    <ClInclude Include="src\WorkSpaceManager.h">
      <Filter>头文件</Filter>
    </ClInclude>
    <ClInclude Include="src\CompilationUnit.h">
      <Filter>头文件</Filter>
    </ClInclude>
    <ClInclude Include="src\message\MessageHandler.h">
      <Filter>message</Filter>
    </ClInclude>
    <ClInclude Include="src\parser\LPGParser_top_level_ast.h">
      <Filter>parser</Filter>
    </ClInclude>
    <ClInclude Include="src\ASTUtils.h">
      <Filter>头文件</Filter>
    </ClInclude>
    <ClInclude Include="src\code.h">
      <Filter>头文件</Filter>
    </ClInclude>
  </ItemGroup>
  <ItemGroup>
    <None Include="packages.config" />
  </ItemGroup>
</Project>