
Microsoft Visual Studio Solution File, Format Version 12.00
# Visual Studio Version 16
VisualStudioVersion = 16.0.31313.79
MinimumVisualStudioVersion = 10.0.40219.1
Project("{8BC9CEB8-8B4A-11D0-8D11-00A0C91BC942}") = "LPG-language-server", "LPG-language-server\LPG-language-server.vcxproj", "{6F54B8DC-721D-433E-90D1-823B1D77E1A1}"
EndProject
Global
	GlobalSection(SolutionConfigurationPlatforms) = preSolution
		Debug|x64 = Debug|x64
		Debug|x86 = Debug|x86
		Release|x64 = Release|x64
		Release|x86 = Release|x86
	EndGlobalSection
	GlobalSection(ProjectConfigurationPlatforms) = postSolution
		{6F54B8DC-721D-433E-90D1-823B1D77E1A1}.Debug|x64.ActiveCfg = Debug|x64
		{6F54B8DC-721D-433E-90D1-823B1D77E1A1}.Debug|x64.Build.0 = Debug|x64
		{6F54B8DC-721D-433E-90D1-823B1D77E1A1}.Debug|x86.ActiveCfg = Debug|Win32
		{6F54B8DC-721D-433E-90D1-823B1D77E1A1}.Debug|x86.Build.0 = Debug|Win32
		{6F54B8DC-721D-433E-90D1-823B1D77E1A1}.Release|x64.ActiveCfg = Release|x64
		{6F54B8DC-721D-433E-90D1-823B1D77E1A1}.Release|x64.Build.0 = Release|x64
		{6F54B8DC-721D-433E-90D1-823B1D77E1A1}.Release|x86.ActiveCfg = Release|Win32
		{6F54B8DC-721D-433E-90D1-823B1D77E1A1}.Release|x86.Build.0 = Release|Win32
	EndGlobalSection
	GlobalSection(SolutionProperties) = preSolution
		HideSolutionNode = FALSE
	EndGlobalSection
	GlobalSection(ExtensibilityGlobals) = postSolution
		SolutionGuid = {BAF11A35-A5D3-43A5-85F4-B021E0BDFCF7}
	EndGlobalSection
EndGlobal
